<?xml version="1.0" encoding="UTF-8"?>
<CodeBlocks_project_file>
	<FileVersion major="1" minor="6"/>
	<Project>
		<Option title="glad"/>
		<Option makefile_is_custom="1"/>
		<Option compiler="clang"/>
		<Option virtualFolders="CMake Files\;CMake Files\ext\;CMake Files\ext\glfw\;CMake Files\ext\glfw\CMake\;CMake Files\ext\glfw\CMake\modules\;CMake Files\ext\glfw\src\;CMake Files\ext\glad\;"/>
		<Build>
			<Target title="all">
				<Option working_dir="/Users/aryan/Documents/Work/CLionProjects/orbital-gl/ext/glad"/>
				<Option type="4"/>
				<MakeCommands>
					<Build command="/usr/bin/make -f &quot;/Users/aryan/Documents/Work/CLionProjects/orbital-gl/ext/glad/Makefile&quot;  VERBOSE=1 all"/>
					<CompileFile command="/usr/bin/make -f &quot;/Users/aryan/Documents/Work/CLionProjects/orbital-gl/ext/glad/Makefile&quot;  VERBOSE=1 &quot;$file&quot;"/>
					<Clean command="/usr/bin/make -f &quot;/Users/aryan/Documents/Work/CLionProjects/orbital-gl/ext/glad/Makefile&quot;  VERBOSE=1 clean"/>
					<DistClean command="/usr/bin/make -f &quot;/Users/aryan/Documents/Work/CLionProjects/orbital-gl/ext/glad/Makefile&quot;  VERBOSE=1 clean"/>
				</MakeCommands>
			</Target>
			<Target title="glad">
				<Option output="/Users/aryan/Documents/Work/CLionProjects/orbital-gl/ext/glad/libglad.a" prefix_auto="0" extension_auto="0"/>
				<Option working_dir="/Users/aryan/Documents/Work/CLionProjects/orbital-gl/ext/glad"/>
				<Option object_output="./"/>
				<Option type="2"/>
				<Option compiler="clang"/>
				<Compiler>
					<Add directory="/Users/aryan/Documents/Work/CLionProjects/orbital-gl/ext/glad"/>
				</Compiler>
				<MakeCommands>
					<Build command="/usr/bin/make -f &quot;/Users/aryan/Documents/Work/CLionProjects/orbital-gl/ext/glad/Makefile&quot;  VERBOSE=1 glad"/>
					<CompileFile command="/usr/bin/make -f &quot;/Users/aryan/Documents/Work/CLionProjects/orbital-gl/ext/glad/Makefile&quot;  VERBOSE=1 &quot;$file&quot;"/>
					<Clean command="/usr/bin/make -f &quot;/Users/aryan/Documents/Work/CLionProjects/orbital-gl/ext/glad/Makefile&quot;  VERBOSE=1 clean"/>
					<DistClean command="/usr/bin/make -f &quot;/Users/aryan/Documents/Work/CLionProjects/orbital-gl/ext/glad/Makefile&quot;  VERBOSE=1 clean"/>
				</MakeCommands>
			</Target>
			<Target title="glad/fast">
				<Option output="/Users/aryan/Documents/Work/CLionProjects/orbital-gl/ext/glad/libglad.a" prefix_auto="0" extension_auto="0"/>
				<Option working_dir="/Users/aryan/Documents/Work/CLionProjects/orbital-gl/ext/glad"/>
				<Option object_output="./"/>
				<Option type="2"/>
				<Option compiler="clang"/>
				<Compiler>
					<Add directory="/Users/aryan/Documents/Work/CLionProjects/orbital-gl/ext/glad"/>
				</Compiler>
				<MakeCommands>
					<Build command="/usr/bin/make -f &quot;/Users/aryan/Documents/Work/CLionProjects/orbital-gl/ext/glad/Makefile&quot;  VERBOSE=1 glad/fast"/>
					<CompileFile command="/usr/bin/make -f &quot;/Users/aryan/Documents/Work/CLionProjects/orbital-gl/ext/glad/Makefile&quot;  VERBOSE=1 &quot;$file&quot;"/>
					<Clean command="/usr/bin/make -f &quot;/Users/aryan/Documents/Work/CLionProjects/orbital-gl/ext/glad/Makefile&quot;  VERBOSE=1 clean"/>
					<DistClean command="/usr/bin/make -f &quot;/Users/aryan/Documents/Work/CLionProjects/orbital-gl/ext/glad/Makefile&quot;  VERBOSE=1 clean"/>
				</MakeCommands>
			</Target>
		</Build>
		<Unit filename="/Users/aryan/Documents/Work/CLionProjects/orbital-gl/ext/glad/KHR/khrplatform.h">
			<Option target="glad"/>
		</Unit>
		<Unit filename="/Users/aryan/Documents/Work/CLionProjects/orbital-gl/ext/glad/glad.c">
			<Option target="glad"/>
		</Unit>
		<Unit filename="/Users/aryan/Documents/Work/CLionProjects/orbital-gl/ext/glad/glad/glad.h">
			<Option target="glad"/>
		</Unit>
		<Unit filename="/Users/aryan/Documents/Work/CLionProjects/orbital-gl/CMakeLists.txt">
			<Option virtualFolder="CMake Files\"/>
		</Unit>
		<Unit filename="/Users/aryan/Documents/Work/CLionProjects/orbital-gl/ext/glfw/CMakeLists.txt">
			<Option virtualFolder="CMake Files\ext\glfw\"/>
		</Unit>
		<Unit filename="/Users/aryan/Documents/Work/CLionProjects/orbital-gl/ext/glfw/CMake/modules/FindVulkan.cmake">
			<Option virtualFolder="CMake Files\ext\glfw\CMake\modules\"/>
		</Unit>
		<Unit filename="/Users/aryan/Documents/Work/CLionProjects/orbital-gl/ext/glfw/src/CMakeLists.txt">
			<Option virtualFolder="CMake Files\ext\glfw\src\"/>
		</Unit>
		<Unit filename="/Users/aryan/Documents/Work/CLionProjects/orbital-gl/ext/glfw/src/glfw3.pc.in">
			<Option virtualFolder="CMake Files\ext\glfw\src\"/>
		</Unit>
		<Unit filename="/Users/aryan/Documents/Work/CLionProjects/orbital-gl/ext/glfw/src/glfw3Config.cmake.in">
			<Option virtualFolder="CMake Files\ext\glfw\src\"/>
		</Unit>
		<Unit filename="/Users/aryan/Documents/Work/CLionProjects/orbital-gl/ext/glfw/src/glfw_config.h.in">
			<Option virtualFolder="CMake Files\ext\glfw\src\"/>
		</Unit>
		<Unit filename="/Users/aryan/Documents/Work/CLionProjects/orbital-gl/ext/glad/CMakeLists.txt">
			<Option virtualFolder="CMake Files\ext\glad\"/>
		</Unit>
	</Project>
</CodeBlocks_project_file>
